lockfileVersion: '9.0'

settings:
  autoInstallPeers: true
  excludeLinksFromLockfile: false

importers:

  .:
    dependencies:
      react:
        specifier: 19.2.7
        version: 19.2.7
      react-dom:
        specifier: 19.2.7
        version: 19.2.7(react@19.2.7)
    devDependencies:
      '@testing-library/jest-dom':
        specifier: 6.9.1
        version: 6.9.1
      '@testing-library/react':
        specifier: 16.3.2
        version: 16.3.2(@testing-library/dom@10.4.1)(@types/react-dom@19.2.3(@types/react@19.2.17))(@types/react@19.2.17)(react-dom@19.2.7(react@19.2.7))(react@19.2.7)
      '@types/react':
        specifier: 19.2.17
        version: 19.2.17
      '@types/react-dom':
        specifier: 19.2.3
        version: 19.2.3(@types/react@19.2.17)
      '@vitejs/plugin-react':
        specifier: 6.0.3
        version: 6.0.3(vite@8.1.4)
      jsdom:
        specifier: 29.1.1
        version: 29.1.1
      prettier:
        specifier: 3.9.5
        version: 3.9.5
      typescript:
        specifier: 7.0.2
        version: 7.0.2
      vite:
        specifier: 8.1.4
        version: 8.1.4
      vitest:
        specifier: 4.1.10
        version: 4.1.10(jsdom@29.1.1)(vite@8.1.4)

packages:

  '@adobe/css-tools@4.5.0':
    resolution: {integrity: sha512-6OzddxPio9UiWTCemp4N8cYLV2ZN1ncRnV1cVGtve7dhPOtRkleRyx32GQCYSwDYgaHU3USMm84tNsvKzRCa1Q==}

  '@asamuzakjp/css-color@5.1.11':
    resolution: {integrity: sha512-KVw6qIiCTUQhByfTd78h2yD1/00waTmm9uy/R7Ck/ctUyAPj+AEDLkQIdJW0T8+qGgj3j5bpNKK7Q3G+LedJWg==}
    engines: {node: ^20.19.0 || ^22.12.0 || >=24.0.0}

  '@asamuzakjp/dom-selector@7.1.1':
    resolution: {integrity: sha512-67RZDnYRc8H/8MLDgQCDE//zoqVFwajkepHZgmXrbwybzXOEwOWGPYGmALYl9J2DOLfFPPs6kKCqmbzV895hTQ==}
    engines: {node: ^20.19.0 || ^22.12.0 || >=24.0.0}

  '@asamuzakjp/generational-cache@1.0.1':
    resolution: {integrity: sha512-wajfB8KqzMCN2KGNFdLkReeHncd0AslUSrvHVvvYWuU8ghncRJoA50kT3zP9MVL0+9g4/67H+cdvBskj9THPzg==}
    engines: {node: ^20.19.0 || ^22.12.0 || >=24.0.0}

  '@asamuzakjp/nwsapi@2.3.9':
    resolution: {integrity: sha512-n8GuYSrI9bF7FFZ/SjhwevlHc8xaVlb/7HmHelnc/PZXBD2ZR49NnN9sMMuDdEGPeeRQ5d0hqlSlEpgCX3Wl0Q==}

  '@babel/code-frame@7.29.7':
    resolution: {integrity: sha512-Aup7aUOfpbAUg2ROOJN6Iw5f9DMBlzu0mIkm/malLQFN/YQgO48wCj0Kxa3sEHJvPVFg7siR+qRInwXd2qhQKw==}
    engines: {node: '>=6.9.0'}

  '@babel/helper-validator-identifier@7.29.7':
    resolution: {integrity: sha512-qehxGkRj55h/ff8EMaJ+cYhyaKlHIxqYDn682wQD7RNp9UujOQsHog2uS0r2vzr4pW+sXf90NeeayjcNaX3fFg==}
    engines: {node: '>=6.9.0'}

  '@babel/runtime@7.29.7':
    resolution: {integrity: sha512-Nq8OhGWiZIZGV6hLHoyAKLLcJihP/xFeBMGJoUrxTX2psI8dCifzLhZISFb+VWS3wFMRDmCGw5R+dOySCqPLhw==}
    engines: {node: '>=6.9.0'}

  '@bramus/specificity@2.4.2':
    resolution: {integrity: sha512-ctxtJ/eA+t+6q2++vj5j7FYX3nRu311q1wfYH3xjlLOsczhlhxAg2FWNUXhpGvAw3BWo1xBcvOV6/YLc2r5FJw==}
    hasBin: true

  '@csstools/color-helpers@6.1.0':
    resolution: {integrity: sha512-064IFJdjTfUqnjpCVpMOdbr8FLQBhinbZj6yRv2An2E41O/pLEXqfFRWqGq/SxlE5PEUYTlvWsG2r8MswAVvkg==}
    engines: {node: '>=20.19.0'}

  '@csstools/css-calc@3.2.1':
    resolution: {integrity: sha512-DtdHlgXh5ZkA43cwBcAm+huzgJiwx3ZTWVjBs94kwz2xKqSimDA3lBgCjphYgwgVUMWatSM0pDd8TILB1yrVVg==}
    engines: {node: '>=20.19.0'}
    peerDependencies:
      '@csstools/css-parser-algorithms': ^4.0.0
      '@csstools/css-tokenizer': ^4.0.0

  '@csstools/css-color-parser@4.1.9':
    resolution: {integrity: sha512-paQcIaOO53Rk5+YrBaBjm/SgrV4INImjo2BT1DtQRYr+XeTRbeAYlS+jxXp9drqvKmtFnWRJKIalDLhZZDu42A==}
    engines: {node: '>=20.19.0'}
    peerDependencies:
      '@csstools/css-parser-algorithms': ^4.0.0
      '@csstools/css-tokenizer': ^4.0.0

  '@csstools/css-parser-algorithms@4.0.0':
    resolution: {integrity: sha512-+B87qS7fIG3L5h3qwJ/IFbjoVoOe/bpOdh9hAjXbvx0o8ImEmUsGXN0inFOnk2ChCFgqkkGFQ+TpM5rbhkKe4w==}
    engines: {node: '>=20.19.0'}
    peerDependencies:
      '@csstools/css-tokenizer': ^4.0.0

  '@csstools/css-syntax-patches-for-csstree@1.1.6':
    resolution: {integrity: sha512-TcJCWFbXLPpJYq6z7bfOyjWYJDiDg2/I4gyUC9pqPNqHFRIey0EB0q0L5cSnQDfWJg8Jd6VadakxdIez/3zkqQ==}
    peerDependencies:
      css-tree: ^3.2.1
    peerDependenciesMeta:
      css-tree:
        optional: true

  '@csstools/css-tokenizer@4.0.0':
    resolution: {integrity: sha512-QxULHAm7cNu72w97JUNCBFODFaXpbDg+dP8b/oWFAZ2MTRppA3U00Y2L1HqaS4J6yBqxwa/Y3nMBaxVKbB/NsA==}
    engines: {node: '>=20.19.0'}

  '@emnapi/core@1.11.1':
    resolution: {integrity: sha512-RSvbQmHzdKzNsLYa/wHrbc3KN4sYLKAdPZxqiM2HATqv/SBk2/ENSHpvXGaLOMcsAyz0poEGqkmmKYG3OWiJEQ==}

  '@emnapi/runtime@1.11.1':
    resolution: {integrity: sha512-vgj7R3y3Wgx24IQaGPA/R6YFXLHVMOZ0uVEyIQPaWs+rd1AzfEMXlAC22FYwO1XkKR6NPsq7mUandH8oIRdZFw==}

  '@emnapi/wasi-threads@1.2.2':
    resolution: {integrity: sha512-c95qOXkHdydNKhscBTebqEC1CVAZpyqOfVfBzQ1qgzyl3gfeldUjIggDbIZgDKsHLgnsM+igH7TJ/eAasaVuMA==}

  '@exodus/bytes@1.15.1':
    resolution: {integrity: sha512-S6mL0yNB/Abt9Ei4tq8gDhcczc4S3+vQ4ra7vxnAf+YHC02srtqxKKZghx2Dq6p0e66THKwR6r8N6P95wEty7Q==}
    engines: {node: ^20.19.0 || ^22.12.0 || >=24.0.0}
    peerDependencies:
      '@noble/hashes': ^1.8.0 || ^2.0.0
    peerDependenciesMeta:
      '@noble/hashes':
        optional: true

  '@jridgewell/sourcemap-codec@1.5.5':
    resolution: {integrity: sha512-cYQ9310grqxueWbl+WuIUIaiUaDcj7WOq5fVhEljNVgRfOUhY9fy2zTvfoqWsnebh8Sl70VScFbICvJnLKB0Og==}

  '@napi-rs/wasm-runtime@1.1.6':
    resolution: {integrity: sha512-ZLv/JdUfkvOy9eCnnBaGfiO+XimbjebAeO+MRQqD/B+FR1tnRN0tpKSJHRbE8sFfS6aqsXZ67TQjfwfsxULVbg==}
    peerDependencies:
      '@emnapi/core': ^1.7.1
      '@emnapi/runtime': ^1.7.1

  '@oxc-project/types@0.139.0':
    resolution: {integrity: sha512-r9gHphtCs+1M7J0pw6Sn/hh/Wpa/iQrOOkrNAlVLF/gHq+/CJmHIWKKUUhdWjcD6CIa8idarspCsASiXCXvFUw==}

  '@rolldown/binding-android-arm64@1.1.5':
    resolution: {integrity: sha512-lZg8fqIv2v7FF237bwMgzGZEJvGL79/s5knJ/i6FmsGF4XXlzccZ4jb+TrFIxtSSxFtIpdsgrPZeMk1I9AFcyQ==}
    engines: {node: ^20.19.0 || >=22.12.0}
    cpu: [arm64]
    os: [android]

  '@rolldown/binding-darwin-arm64@1.1.5':
    resolution: {integrity: sha512-51Bnx9pNiMRKSUNtBfySkNJ9vMU9Hh3I1ozDd6gyPPYzaXCfnptUcEZxXGYFn+ul2dtcMUiqGR1Yai2K10uoTw==}
    engines: {node: ^20.19.0 || >=22.12.0}
    cpu: [arm64]
    os: [darwin]

  '@rolldown/binding-darwin-x64@1.1.5':
    resolution: {integrity: sha512-Tm+gbfC0aHu1tBA/JvKQh32S0K6YgCHkiAF4/W6xX0K0RmNuc94VeK419dJoE65R5aRxmo+noZQSWrAMF6yb6g==}
    engines: {node: ^20.19.0 || >=22.12.0}
    cpu: [x64]
    os: [darwin]

  '@rolldown/binding-freebsd-x64@1.1.5':
    resolution: {integrity: sha512-JMzDKCCXq93YccG5gz3hvOs1oXRKAf0XYpfOS88e+wZrC8Iugj6j68867vrYZkvpDDpKn/KoKORThmchMpF6TA==}
    engines: {node: ^20.19.0 || >=22.12.0}
    cpu: [x64]
    os: [freebsd]

  '@rolldown/binding-linux-arm-gnueabihf@1.1.5':
    resolution: {integrity: sha512-uML21j2K5TfPGutKxub+M+nLjZIrWjXQ5Grx4lCe/nimTj9B4L63zHpjXLl4y0L3mcm2htEQIb06oCG/szerNw==}
    engines: {node: ^20.19.0 || >=22.12.0}
    cpu: [arm]
    os: [linux]

  '@rolldown/binding-linux-arm64-gnu@1.1.5':
    resolution: {integrity: sha512-navSiuTMogvnQoZoM/v+l3ZWo50/NTwSHSzheABx/RCnmUPaKwq9qSo4Br2OYRs21+Fz8uFqITZM3H4opOB0/Q==}
    engines: {node: ^20.19.0 || >=22.12.0}
    cpu: [arm64]
    os: [linux]
    libc: [glibc]

  '@rolldown/binding-linux-arm64-musl@1.1.5':
    resolution: {integrity: sha512-lAryqH7IteztmCXQXk0etKj4wBQ7Gx5S6LjKhsgp9zb8I5bsuvU/2llH1hDQcjsFeqIsovMVN339/8pUDDBXxA==}
    engines: {node: ^20.19.0 || >=22.12.0}
    cpu: [arm64]
    os: [linux]
    libc: [musl]

  '@rolldown/binding-linux-ppc64-gnu@1.1.5':
    resolution: {integrity: sha512-fsK/sNBnxzBlL4O1JNrZakVQxPspqpED5dLtNsZS9oOKmtSpdNIzxH2kkol5HYTWJN47sE20ztMJPxfZ89qGOg==}
    engines: {node: ^20.19.0 || >=22.12.0}
    cpu: [ppc64]
    os: [linux]
    libc: [glibc]

  '@rolldown/binding-linux-s390x-gnu@1.1.5':
    resolution: {integrity: sha512-gLYb4BIadlfTOYT5gO503n8zQjXflgzpD0FcyKh0Mzx3rqCZKnHoJWV9xe1KXUJ5lx2JfcSHr/mhzS0PC/McAA==}
    engines: {node: ^20.19.0 || >=22.12.0}
    cpu: [s390x]
    os: [linux]
    libc: [glibc]

  '@rolldown/binding-linux-x64-gnu@1.1.5':
    resolution: {integrity: sha512-FjcpEKUyJygHgs1o50VYNvkt5+7Le/VEdYt0AkRpkL33MnyQfwr8l5mXwMmfmTbyMPr5vJLC+8/Gd9gXnwU1QQ==}
    engines: {node: ^20.19.0 || >=22.12.0}
    cpu: [x64]
    os: [linux]
    libc: [glibc]

  '@rolldown/binding-linux-x64-musl@1.1.5':
    resolution: {integrity: sha512-Me+PfPI2TMeOQk0gYWfLQZtTktrmzbr8cDboqX83XKc7UrgAi55gF+2dUkWdxd19n55Essp2yeca+O9N5rBxHg==}
    engines: {node: ^20.19.0 || >=22.12.0}
    cpu: [x64]
    os: [linux]
    libc: [musl]

  '@rolldown/binding-openharmony-arm64@1.1.5':
    resolution: {integrity: sha512-yc5WrLzXks6zCQfn9Oxr8pORKyl/pF+QjHmW/Qx3qu0oyrrNC+y2JLTU1E2rcWYAmzlnqngWXHQjy51VzW70Vw==}
    engines: {node: ^20.19.0 || >=22.12.0}
    cpu: [arm64]
    os: [openharmony]

  '@rolldown/binding-wasm32-wasi@1.1.5':
    resolution: {integrity: sha512-VbQGPX2b4r48TAMIM2cjgluIM1HYutm4pcTEJsle7iEP7sB1dFqtPLBVbdLAZCxy1txCcPxf4QFf4v8uvltPqA==}
    engines: {node: ^20.19.0 || >=22.12.0}
    cpu: [wasm32]

  '@rolldown/binding-win32-arm64-msvc@1.1.5':
    resolution: {integrity: sha512-gHv82k63z4qpV5+Q1y/12KrK0ltWBukVDI8nZcbT7Tt/ZlOIVwppazneq0F93oDxTo3IgAMEDIoQh3E2n6mVsw==}
    engines: {node: ^20.19.0 || >=22.12.0}
    cpu: [arm64]
    os: [win32]

  '@rolldown/binding-win32-x64-msvc@1.1.5':
    resolution: {integrity: sha512-tTZuDBPw85tEN5PQi1pnEBzDy0Z49HtScLAbD5t6hyeU92A95pRWaSMw1GZZi/RwgSgUIl0xrSlXIT/9QzvYSA==}
    engines: {node: ^20.19.0 || >=22.12.0}
    cpu: [x64]
    os: [win32]

  '@rolldown/pluginutils@1.0.1':
    resolution: {integrity: sha512-2j9bGt5Jh8hj+vPtgzPtl72j0yRxHAyumoo6TNfAjsLB04UtpSvPbPcDcBMxz7n+9CYB0c1GxQFxYRg2jimqGw==}

  '@standard-schema/spec@1.1.0':
    resolution: {integrity: sha512-l2aFy5jALhniG5HgqrD6jXLi/rUWrKvqN/qJx6yoJsgKhblVd+iqqU4RCXavm/jPityDo5TCvKMnpjKnOriy0w==}

  '@testing-library/dom@10.4.1':
    resolution: {integrity: sha512-o4PXJQidqJl82ckFaXUeoAW+XysPLauYI43Abki5hABd853iMhitooc6znOnczgbTYmEP6U6/y1ZyKAIsvMKGg==}
    engines: {node: '>=18'}

  '@testing-library/jest-dom@6.9.1':
    resolution: {integrity: sha512-zIcONa+hVtVSSep9UT3jZ5rizo2BsxgyDYU7WFD5eICBE7no3881HGeb/QkGfsJs6JTkY1aQhT7rIPC7e+0nnA==}
    engines: {node: '>=14', npm: '>=6', yarn: '>=1'}

  '@testing-library/react@16.3.2':
    resolution: {integrity: sha512-XU5/SytQM+ykqMnAnvB2umaJNIOsLF3PVv//1Ew4CTcpz0/BRyy/af40qqrt7SjKpDdT1saBMc42CUok5gaw+g==}
    engines: {node: '>=18'}
    peerDependencies:
      '@testing-library/dom': ^10.0.0
      '@types/react': ^18.0.0 || ^19.0.0
      '@types/react-dom': ^18.0.0 || ^19.0.0
      react: ^18.0.0 || ^19.0.0
      react-dom: ^18.0.0 || ^19.0.0
    peerDependenciesMeta:
      '@types/react':
        optional: true
      '@types/react-dom':
        optional: true

  '@tybys/wasm-util@0.10.3':
    resolution: {integrity: sha512-F3fo1MYrRJYL3zER0OUOmkutjr1Vp23m7OsSgp7nq4SP6OqX6C/56XFIPAl5bt3zaBRjmW7SGz3u/6LwFpYcOg==}

  '@types/aria-query@5.0.4':
    resolution: {integrity: sha512-rfT93uj5s0PRL7EzccGMs3brplhcrghnDoV26NqKhCAS1hVo+WdNsPvE/yb6ilfr5hi2MEk6d5EWJTKdxg8jVw==}

  '@types/chai@5.2.3':
    resolution: {integrity: sha512-Mw558oeA9fFbv65/y4mHtXDs9bPnFMZAL/jxdPFUpOHHIXX91mcgEHbS5Lahr+pwZFR8A7GQleRWeI6cGFC2UA==}

  '@types/deep-eql@4.0.2':
    resolution: {integrity: sha512-c9h9dVVMigMPc4bwTvC5dxqtqJZwQPePsWjPlpSOnojbor6pGqdk541lfA7AqFQr5pB1BRdq0juY9db81BwyFw==}

  '@types/estree@1.0.9':
    resolution: {integrity: sha512-GhdPgy1el4/ImP05X05Uw4cw2/M93BCUmnEvWZNStlCzEKME4Fkk+YpoA5OiHNQmoS7Cafb8Xa3Pya8m1Qrzeg==}

  '@types/react-dom@19.2.3':
    resolution: {integrity: sha512-jp2L/eY6fn+KgVVQAOqYItbF0VY/YApe5Mz2F0aykSO8gx31bYCZyvSeYxCHKvzHG5eZjc+zyaS5BrBWya2+kQ==}
    peerDependencies:
      '@types/react': ^19.2.0

  '@types/react@19.2.17':
    resolution: {integrity: sha512-MXfmqaVPEVgkBT/aY0aGCkRWWtByiYQXo3xdQ8r5RzuFrPiRn8Gar2tQdXSUQ2GKV3bkXckek89V8wQBY2Q/Aw==}

  '@typescript/typescript-aix-ppc64@7.0.2':
    resolution: {integrity: sha512-MTKKkWB7p/0E9xi1d1tHtZ5PiLkGEMIq88pK2CubZjOsLtYTLqhgIgi6zepFa+9GHZ6h05NMCkQxGKiPXMxXtQ==}
    engines: {node: '>=16.20.0'}
    cpu: [ppc64]
    os: [aix]

  '@typescript/typescript-darwin-arm64@7.0.2':
    resolution: {integrity: sha512-gowzar9MwS/aRWp6f3a4KUqzRjAZjOsmGNCM6LcTgXum+dBfgsBVMN+AgvOCCbguXyick6LJhpBszxMebJ8syA==}
    engines: {node: '>=16.20.0'}
    cpu: [arm64]
    os: [darwin]

  '@typescript/typescript-darwin-x64@7.0.2':
    resolution: {integrity: sha512-SZ9xZInqApNlNGc9s0W1VSsktYSOe9cFqNOIqmN1Gs8SmkjKZYFt017G4VwPxASInODuAdbTW7sXiFUf893RgA==}
    engines: {node: '>=16.20.0'}
    cpu: [x64]
    os: [darwin]

  '@typescript/typescript-freebsd-arm64@7.0.2':
    resolution: {integrity: sha512-W5NH4y/J0plIIS5b2xvTEkU7JFxyqdMAOgf+Ilhl0vHQXKO5dZoxd+C/jEtq56c4F3wk71RB4BMRQ2XdI+bwYQ==}
    engines: {node: '>=16.20.0'}
    cpu: [arm64]
    os: [freebsd]

  '@typescript/typescript-freebsd-x64@7.0.2':
    resolution: {integrity: sha512-UMGDx5sTpzNw3WiPebH7l90IWfJggEd+egHt/q6p7/Cm3zqoV7VxkGXt+3DxPIw8CcmvAB0j3sVVfbhX+M4Tpw==}
    engines: {node: '>=16.20.0'}
    cpu: [x64]
    os: [freebsd]

  '@typescript/typescript-linux-arm64@7.0.2':
    resolution: {integrity: sha512-Qh4eU4/y3yDjnfjjyPYihMj5/ODIlmt+Bzu17OI+fiSRDW57QmU5SiN63exPRNJPKUzcc1INa1NXdrJ+MqHjUQ==}
    engines: {node: '>=16.20.0'}
    cpu: [arm64]
    os: [linux]

  '@typescript/typescript-linux-arm@7.0.2':
    resolution: {integrity: sha512-gffT3xPz9sR7j/YJExkyPntrI0P2EP9XbOyWzth2/Gs0RstK+90RBcO0ncXoXy/beYll1SXw846Nf2zdnEz0QQ==}
    engines: {node: '>=16.20.0'}
    cpu: [arm]
    os: [linux]

  '@typescript/typescript-linux-loong64@7.0.2':
    resolution: {integrity: sha512-uEHck9i8hoAzXPiYRib1O7miOnz23SxIeVl6F4LXox+qov1K35jHcEW6VHKvZI+pyvl7fZEP4MCU5LYvIq1GuQ==}
    engines: {node: '>=16.20.0'}
    cpu: [loong64]
    os: [linux]

  '@typescript/typescript-linux-mips64el@7.0.2':
    resolution: {integrity: sha512-R4KvAMnE43W5Qeqb0Ly56O3mWMWIAgsMyz36DCaycd5nbg/9kzm0liw3JocfRqyJY0KPmzFjbswozXyW0DnIYA==}
    engines: {node: '>=16.20.0'}
    cpu: [mips64el]
    os: [linux]

  '@typescript/typescript-linux-ppc64@7.0.2':
    resolution: {integrity: sha512-DORx5b3sd/4S7eayxm4FQv+A7CrkUIGRaHiwI8oiHTAI1fAPWhF4J0vAlkC8biAlHSVVwxMQ3tjZ2/DVbnQiiA==}
    engines: {node: '>=16.20.0'}
    cpu: [ppc64]
    os: [linux]

  '@typescript/typescript-linux-riscv64@7.0.2':
    resolution: {integrity: sha512-wf0jqEDOjrPRnKwYRyyJDRo11KMbvMFrU+q4zqKyChODBzvlkbhNQfKvLxQCcwTpdDaXSHZTVuh0JoCrKCUMHQ==}
    engines: {node: '>=16.20.0'}
    cpu: [riscv64]
    os: [linux]

  '@typescript/typescript-linux-s390x@7.0.2':
    resolution: {integrity: sha512-IkwJc3L7yhytWd/ewjyxNDfOmswCm9GWMJT/ue/dU4aZNbwZeYAetq42VyLmsmSjvoX7z74X6ZaYCtzAr0EuGw==}
    engines: {node: '>=16.20.0'}
    cpu: [s390x]
    os: [linux]

  '@typescript/typescript-linux-x64@7.0.2':
    resolution: {integrity: sha512-EYdf2cNg7rgCWJnxCdJ+F3V39O8ihb37eHAu1LK8oAFizgTQbPOK7zHHXbPt8rï~ù¶‰žËkºwµçdœè€È¸Ì¸ä(€€€€€‰¥‘¤µ©Ìè€Ä¸À¸Ì(€€€€€ÍÌµÑÉ•”è€Ì¸È¸Ä(€€€€€¥ÌµÁ½Ñ•¹Ñ¥…°µÕÍÑ½´µ•±•µ•¹Ðµ¹…µ”è€Ä¸À¸Ä((€€…Í…µÕé…­©À½•¹•É…Ñ¥½¹…°µ…¡• Ä¸À¸Äœèíô((€€…Í…µÕé…­©À½¹ÝÍ…Á¥ È¸Ì¸äœèíô((€€‰…‰•°½½‘”µ™É…µ• Ü¸Èä¸Üœè(€€€‘•Á•¹‘•¹¥•Ìè(€€€€€€‰…‰•°½¡•±Á•ÈµÙ…±¥‘…Ñ½Èµ¥‘•¹Ñ¥™¥•Èœè€Ü¸Èä¸Ü(€€€€€©ÌµÑ½­•¹Ìè€Ð¸À¸À(€€€€€Á¥½½±½ÉÌè€Ä¸Ä¸Ä((€€‰…‰•°½¡•±Á•ÈµÙ…±¥‘…Ñ½Èµ¥‘•¹Ñ¥™¥•É Ü¸Èä¸Üœèíô((€€‰…‰•°½ÉÕ¹Ñ¥µ• Ü¸Èä¸Üœèíô((€€‰É…µÕÌ½ÍÁ•¥™¥¥Ñå È¸Ð¸Èœè(€€€‘•Á•¹‘•¹¥•Ìè(€€€€€ÍÌµÑÉ•”è€Ì¸È¸Ä((€€ÍÍÑ½½±Ì½½±½Èµ¡•±Á•ÉÍ Ø¸Ä¸Àœèíô((€€ÍÍÑ½½±Ì½ÍÌµ…± Ì¸È¸Ä¡ÍÍÑ½½±Ì½ÍÌµÁ…ÉÍ•Èµ…±½É¥Ñ¡µÍ Ð¸À¸À¡ÍÍÑ½½±Ì½ÍÌµÑ½­•¹¥é•É Ð¸À¸À¤¤¡ÍÍÑ½½±Ì½ÍÌµÑ½­•¹¥é•É Ð¸À¸À¤œè(€€€‘•Á•¹‘•¹¥•Ìè(€€€€€€ÍÍÑ½½±Ì½ÍÌµÁ…ÉÍ•Èµ…±½É¥Ñ¡µÌœè€Ð¸À¸À¡ÍÍÑ½½±Ì½ÍÌµÑ½­•¹¥é•É Ð¸À¸À¤(€€€€€€ÍÍÑ½½±Ì½ÍÌµÑ½­•¹¥é•Èœè€Ð¸À¸À((€€ÍÍÑ½½±Ì½ÍÌµ½±½ÈµÁ…ÉÍ•É Ð¸Ä¸ä¡ÍÍÑ½½±Ì½ÍÌµÁ…ÉÍ•Èµ…±½É¥Ñ¡µÍ Ð¸À¸À¡ÍÍÑ½½±Ì½ÍÌµÑ½­•¹¥é•É Ð¸À¸À¤¤¡ÍÍÑ½½±Ì½ÍÌµÑ½­•¹¥é•É Ð¸À¸À¤œè(€€€‘•Á•¹‘•¹¥•Ìè(€€€€€€ÍÍÑ½½±Ì½½±½Èµ¡•±Á•ÉÌœè€Ø¸Ä¸À(€€€€€€ÍÍÑ½½±Ì½ÍÌµ…±Œœè€Ì¸È¸Ä¡ÍÍÑ½½±Ì½ÍÌµÁ…ÉÍ•Èµ…±½É¥Ñ¡µÍ Ð¸À¸À¡ÍÍÑ½½±Ì½ÍÌµÑ½­•¹¥é•É Ð¸À¸À¤¤¡ÍÍÑ½½±Ì½ÍÌµÑ½­•¹¥é•É Ð¸À¸À¤(€€€€€€ÍÍÑ½½±Ì½ÍÌµÁ…ÉÍ•Èµ…±½É¥Ñ¡µÌœè€Ð¸À¸À¡ÍÍÑ½½±Ì½ÍÌµÑ½­•¹¥é•É Ð¸À¸À¤(€€€€€€ÍÍÑ½½±Ì½ÍÌµÑ½­•¹¥é•Èœè€Ð¸À¸À((€€ÍÍÑ½½±Ì½ÍÌµÁ…ÉÍ•Èµ…±½É¥Ñ¡µÍ Ð¸À¸À¡ÍÍÑ½½±Ì½ÍÌµÑ½­•¹¥é•É Ð¸À¸À¤œè(€€€‘•Á•¹‘•¹¥•Ìè(€€€€€€ÍÍÑ½½±Ì½ÍÌµÑ½­•¹¥é•Èœè€Ð¸À¸À((€€ÍÍÑ½½±Ì½ÍÌµÍå¹Ñ…àµÁ…Ñ¡•Ìµ™½ÈµÍÍÑÉ•• Ä¸Ä¸Ø¡ÍÌµÑÉ•• Ì¸È¸Ä¤œè(€€€½ÁÑ¥½¹…±•Á•¹‘•¹¥•Ìè(€€€€€ÍÌµÑÉ•”è€Ì¸È¸Ä((€€ÍÍÑ½½±Ì½ÍÌµÑ½­•¹¥é•É Ð¸À¸Àœèíô((€€•µ¹…Á¤½½É• Ä¸ÄÄ¸Äœè(€€€‘•Á•¹‘•¹¥•Ìè(€€€€€€•µ¹…Á¤½Ý…Í¤µÑ¡É•…‘Ìœè€Ä¸È¸È(€€€€€ÑÍ±¥ˆè€È¸à¸Ä(€€€½ÁÑ¥½¹…°èÑÉÕ”((€€•µ¹…Á¤½ÉÕ¹Ñ¥µ• Ä¸ÄÄ¸Äœè(€€€‘•Á•¹‘•¹¥•Ìè(€€€€€ÑÍ±¥ˆè€È¸à¸Ä(€€€½ÁÑ¥½¹…°èÑÉÕ”((€€•µ¹…Á¤½Ý…Í¤µÑ¡É•…‘Í Ä¸È¸Èœè(€€€‘•Á•¹‘•¹¥•Ìè(€€€€€ÑÍ±¥ˆè€È¸à¸Ä(€€€½ÁÑ¥½¹…°èÑÉÕ”((€€•á½‘ÕÌ½‰åÑ•Í Ä¸ÄÔ¸Äœèíô((€€©É¥‘•Ý•±°½Í½ÕÉ•µ…Àµ½‘• Ä¸Ô¸Ôœèíô((€€¹…Á¤µÉÌ½Ý…Í´µÉÕ¹Ñ¥µ• Ä¸Ä¸Ø¡•µ¹…Á¤½½É• Ä¸ÄÄ¸Ä¤¡•µ¹…Á¤½ÉÕ¹Ñ¥µ• Ä¸ÄÄ¸Ä¤œè(€€€‘•Á•¹‘•¹¥•Ìè(€€€€€€•µ¹…Á¤½½É”œè€Ä¸ÄÄ¸Ä(€€€€€€•µ¹…Á¤½ÉÕ¹Ñ¥µ”œè€Ä¸ÄÄ¸Ä(€€€€€€Ñå‰åÌ½Ý…Í´µÕÑ¥°œè€À¸ÄÀ¸Ì(€€€½ÁÑ¥½¹…°èÑÉÕ”((€€½áŒµÁÉ½©•Ð½ÑåÁ•Í À¸ÄÌä¸Àœèíô((€€É½±±‘½Ý¸½‰¥¹‘¥¹œµ…¹‘É½¥µ…É´ØÑ Ä¸Ä¸Ôœè(€€€½ÁÑ¥½¹…°èÑÉÕ”((€€É½±±‘½Ý¸½‰¥¹‘¥¹œµ‘…ÉÝ¥¸µ…É´ØÑ Ä¸Ä¸Ôœè(€€€½ÁÑ¥½¹…°èÑÉÕ”((€€É½±±‘½Ý¸½‰¥¹‘¥¹œµ‘…ÉÝ¥¸µàØÑ Ä¸Ä¸Ôœè(€€€½ÁÑ¥½¹…°èÑÉÕ”((€€É½±±‘½Ý¸½‰¥¹‘¥¹œµ™É••‰ÍµàØÑ Ä¸Ä¸Ôœè(€€€½ÁÑ¥½¹…°èÑÉÕ”((€€É½±±‘½Ý¸½‰¥¹‘¥¹œµ±¥¹Õàµ…É´µ¹Õ•…‰¥¡™ Ä¸Ä¸Ôœè(€€€½ÁÑ¥½¹…°èÑÉÕ”((€€É½±±‘½Ý¸½‰¥¹‘¥¹œµ±¥¹Õàµ…É´ØÐµ¹Õ Ä¸Ä¸Ôœè(€€€½ÁÑ¥½¹…°èÑÉÕ”((€€É½±±‘½Ý¸½‰¥¹‘¥¹œµ±¥¹Õàµ…É´ØÐµµÕÍ± Ä¸Ä¸Ôœè(€€€½ÁÑ¥½¹…°èÑÉÕ”((€€É½±±‘½Ý¸½‰¥¹‘¥¹œµ±¥¹ÕàµÁÁŒØÐµ¹Õ Ä¸Ä¸Ôœè(€€€½ÁÑ¥½¹…°èÑÉÕ”((€€É½±±‘½Ý¸½‰¥¹‘¥¹œµ±¥¹ÕàµÌÌäÁàµ¹Õ Ä¸Ä¸Ôœè(€€€½ÁÑ¥½¹…°èÑÉÕ”((€€É½±±‘½Ý¸½‰¥¹‘¥¹œµ±¥¹ÕàµàØÐµ¹Õ Ä¸Ä¸Ôœè(€€€½ÁÑ¥½¹…°èÑÉÕ”((€€É½±±‘½Ý¸½‰¥¹‘¥¹œµ±¥¹ÕàµàØÐµµÕÍ± Ä¸Ä¸Ôœè(€€€½ÁÑ¥½¹…°èÑÉÕ”((€€É½±±‘½Ý¸½‰¥¹‘¥¹œµ½Á•¹¡…Éµ½¹äµ…É´ØÑ Ä¸Ä¸Ôœè(€€€½ÁÑ¥½¹…°èÑÉÕ”((€€É½±±‘½Ý¸½‰¥¹‘¥¹œµÝ…Í´ÌÈµÝ…Í¥ Ä¸Ä¸Ôœè(€€€‘•Á•¹‘•¹¥•Ìè(€€€€€€•µ¹…Á¤½½É”œè€Ä¸ÄÄ¸Ä(€€€€€€•µ¹…Á¤½ÉÕ¹Ñ¥µ”œè€Ä¸ÄÄ¸Ä(€€€€€€¹…Á¤µÉÌ½Ý…Í´µÉÕ¹Ñ¥µ”œè€Ä¸Ä¸Ø¡•µ¹…Á¤½½É• Ä¸ÄÄ¸Ä¤¡•µ¹…Á¤½ÉÕ¹Ñ¥µ• Ä¸ÄÄ¸Ä¤(€€€½ÁÑ¥½¹…°èÑÉÕ”((€€É½±±‘½Ý¸½‰¥¹‘¥¹œµÝ¥¸ÌÈµ…É´ØÐµµÍÙ Ä¸Ä¸Ôœè(€€€½ÁÑ¥½¹…°èÑÉÕ”((€€É½±±‘½Ý¸½‰¥¹‘¥¹œµÝ¥¸ÌÈµàØÐµµÍÙ Ä¸Ä¸Ôœè(€€€½ÁÑ¥½¹…°èÑÉÕ”((€€É½±±‘½Ý¸½Á±Õ¥¹ÕÑ¥±Í Ä¸À¸Äœèíô((€€ÍÑ…¹‘…ÉµÍ¡•µ„½ÍÁ• Ä¸Ä¸Àœèíô((€€Ñ•ÍÑ¥¹œµ±¥‰É…Éä½‘½µ ÄÀ¸Ð¸Äœè(€€€‘•Á•¹‘•¹¥•Ìè(€€€€€€‰…‰•°½½‘”µ™É…µ”œè€Ü¸Èä¸Ü(€€€€€€‰…‰•°½ÉÕ¹Ñ¥µ”œè€Ü¸Èä¸Ü(€€€€€€ÑåÁ•Ì½…É¥„µÅÕ•Éäœè€Ô¸À¸Ð(€€€€€…É¥„µÅÕ•Éäè€Ô¸Ì¸À(€€€€€‘½´µ…•ÍÍ¥‰¥±¥Ñäµ…Á¤è€À¸Ô¸ÄØ(€€€€€±èµÍÑÉ¥¹œè€Ä¸Ô¸À(€€€€€Á¥½½±½ÉÌè€Ä¸Ä¸Ä(€€€€€ÁÉ•ÑÑäµ™½Éµ…Ðè€ÈÜ¸Ô¸Ä((€€Ñ•ÍÑ¥¹œµ±¥‰É…Éä½©•ÍÐµ‘½µ Ø¸ä¸Äœè(€€€‘•Á•¹‘•¹¥•Ìè(€€€€€€…‘½‰”½ÍÌµÑ½½±Ìœè€Ð¸Ô¸À(€€€€€…É¥„µÅÕ•Éäè€Ô¸Ì¸È(€€€€€ÍÌ¹•Í…Á”è€Ä¸Ô¸Ä(€€€€€‘½´µ…•ÍÍ¥‰¥±¥Ñäµ…Á¤è€À¸Ø¸Ì(€€€€€Á¥½½±½ÉÌè€Ä¸Ä¸Ä(€€€€€É•‘•¹Ðè€Ì¸À¸À((€€Ñ•ÍÑ¥¹œµ±¥‰É…Éä½É•…Ñ ÄØ¸Ì¸È¡Ñ•ÍÑ¥¹œµ±¥‰É…Éä½‘½µ ÄÀ¸Ð¸Ä¤¡ÑåÁ•Ì½É•…Ðµ‘½µ Ää¸È¸Ì¡ÑåÁ•Ì½É•…Ñ Ää¸È¸ÄÜ¤¤¡ÑåÁ•Ì½É•…Ñ Ää¸È¸ÄÜ¤¡É•…Ðµ‘½µ Ää¸È¸Ü¡É•…Ñ Ää¸È¸Ü¤¤¡É•…Ñ Ää¸È¸Ü¤œè(€€€‘•Á•¹‘•¹¥•Ìè(€€€€€€‰…‰•°½ÉÕ¹Ñ¥µ”œè€Ü¸Èä¸Ü(€€€€€€Ñ•ÍÑ¥¹œµ±¥‰É…Éä½‘½´œè€ÄÀ¸Ð¸Ä(€€€€€É•…Ðè€Ää¸È¸Ü(€€€€€É•…Ðµ‘½´è€Ää¸È¸Ü¡É•…Ñ Ää¸È¸Ü¤(€€€½ÁÑ¥½¹…±•Á•¹‘•¹¥•Ìè(€€€€€€ÑåÁ•Ì½É•…Ðœè€Ää¸È¸ÄÜ(€€€€€€ÑåÁ•Ì½É•…Ðµ‘½´œè€Ää¸È¸Ì¡ÑåÁ•Ì½É•…Ñ Ää¸È¸ÄÜ¤((€€Ñå‰åÌ½Ý…Í´µÕÑ¥± À¸ÄÀ¸Ìœè(€€€‘•Á•¹‘•¹¥•Ìè(€€€€€ÑÍ±¥ˆè€È¸à¸Ä(€€€½ÁÑ¥½¹…°èÑÉÕ”((€€ÑåÁ•Ì½…É¥„µÅÕ•Éå Ô¸À¸Ðœèíô((€€ÑåÁ•Ì½¡…¥ Ô¸È¸Ìœè(€€€‘•Á•¹‘•¹¥•Ìè(€€€€€€ÑåÁ•Ì½‘••Àµ•Å°œè€Ð¸À¸È(€€€€€…ÍÍ•ÉÑ¥½¸µ•ÉÉ½Èè€È¸À¸Ä((€€ÑåÁ•Ì½‘••Àµ•Å± Ð¸À¸Èœèíô((€€ÑåÁ•Ì½•ÍÑÉ•• Ä¸À¸äœèíô((€€ÑåÁ•Ì½É•…Ðµ‘½µ Ää¸È¸Ì¡ÑåÁ•Ì½É•…Ñ Ää¸È¸ÄÜ¤œè(€€€‘•Á•¹‘•¹¥•Ìè(€€€€€€ÑåÁ•Ì½É•…Ðœè€Ää¸È¸ÄÜ((€€ÑåÁ•Ì½É•…Ñ Ää¸È¸ÄÜœè(€€€‘•Á•¹‘•¹¥•Ìè(€€€€€ÍÍÑåÁ”è€Ì¸È¸Ì((€€ÑåÁ•ÍÉ¥ÁÐ½ÑåÁ•ÍÉ¥ÁÐµ…¥àµÁÁŒØÑ Ü¸À¸Èœè(€€€½ÁÑ¥½¹…°èÑÉÕ”((€€ÑåÁ•ÍÉ¥ÁÐ½ÑåÁ•ÍÉ¥ÁÐµ‘…ÉÝ¥¸µ…É´ØÑ Ü¸À¸Èœè(€€€½ÁÑ¥½¹…°èÑÉÕ”((€€ÑåÁ•ÍÉ¥ÁÐ½ÑåÁ•ÍÉ¥ÁÐµ‘…ÉÝ¥¸µàØÑ Ü¸À¸Èœè(€€€½ÁÑ¥½¹…°èÑÉÕ”((€€ÑåÁ•ÍÉ¥ÁÐ½ÑåÁ•ÍÉ¥ÁÐµ™É••‰Íµ…É´ØÑ Ü¸À¸Èœè(€€€½ÁÑ¥½¹…°èÑÉÕ”((€€ÑåÁ•ÍÉ¥ÁÐ½ÑåÁ•ÍÉ¥ÁÐµ™É••‰ÍµàØÑ Ü¸À¸Èœè(€€€½ÁÑ¥½¹…°èÑÉÕ”((€€ÑåÁ•ÍÉ¥ÁÐ½ÑåÁ•ÍÉ¥ÁÐµ±¥¹Õàµ…É´ØÑ Ü¸À¸Èœè(€€€½ÁÑ¥½¹…°èÑÉÕ”((€€ÑåÁ•ÍÉ¥ÁÐ½ÑåÁ•ÍÉ¥ÁÐµ±¥¹Õàµ…Éµ Ü¸À¸Èœè(€€€½ÁÑ¥½¹…°èÑÉÕ”((€€ÑåÁ•ÍÉ¥ÁÐ½ÑåÁ•ÍÉ¥ÁÐµ±¥¹Õàµ±½½¹œØÑ Ü¸À¸Èœè(€€€½ÁÑ¥½¹…°èÑÉÕ”((€€ÑåÁ•ÍÉ¥ÁÐ½ÑåÁ•ÍÉ¥ÁÐµ±¥¹Õàµµ¥ÁÌØÑ•± Ü¸À¸Èœè(€€€½ÁÑ¥½¹…°èÑÉÕ”((€€ÑåÁ•ÍÉ¥ÁÐ½ÑåÁ•ÍÉ¥ÁÐµ±¥¹ÕàµÁÁŒØÑ Ü¸À¸Èœè(€€€½ÁÑ¥½¹…°èÑÉÕ”((€€ÑåÁ•ÍÉ¥ÁÐ½ÑåÁ•ÍÉ¥ÁÐµ±¥¹ÕàµÉ¥ÍØØÑ Ü¸À¸Èœè(€€€½ÁÑ¥½¹…°èÑÉÕ”((€€ÑåÁ•ÍÉ¥ÁÐ½ÑåÁ•ÍÉ¥ÁÐµ±¥¹ÕàµÌÌäÁá Ü¸À¸Èœè(€€€½ÁÑ¥½¹…°èÑÉÕ”((€€ÑåÁ•ÍÉ¥ÁÐ½ÑåÁ•ÍÉ¥ÁÐµ±¥¹ÕàµàØÑ Ü¸À¸Èœè(€€€½ÁÑ¥½¹…°èÑÉÕ”((€€ÑåÁ•ÍÉ¥ÁÐ½ÑåÁ•ÍÉ¥ÁÐµ¹•Ñ‰Íµ…É´ØÑ Ü¸À¸Èœè(€€€½ÁÑ¥½¹…°èÑÉÕ”((€€ÑåÁ•ÍÉ¥ÁÐ½ÑåÁ•ÍÉ¥ÁÐµ¹•Ñ‰ÍµàØÑ Ü¸À¸Èœè(€€€½ÁÑ¥½¹…°èÑÉÕ”((€€ÑåÁ•ÍÉ¥ÁÐ½ÑåÁ•ÍÉ¥ÁÐµ½Á•¹‰Íµ…É´ØÑ Ü¸À¸Èœè(€€€½ÁÑ¥½¹…°èÑÉÕ”((€€ÑåÁ•ÍÉ¥ÁÐ½ÑåÁ•ÍÉ¥ÁÐµ½Á•¹‰ÍµàØÑ Ü¸À¸Èœè(€€€½ÁÑ¥½¹…°èÑÉÕ”((€€ÑåÁ•ÍÉ¥ÁÐ½ÑåÁ•ÍÉ¥ÁÐµÍÕ¹½ÌµàØÑ Ü¸À¸Èœè(€€€½ÁÑ¥½¹…°èÑÉÕ”((€€ÑåÁ•ÍÉ¥ÁÐ½ÑåÁ•ÍÉ¥ÁÐµÝ¥¸ÌÈµ…É´ØÑ Ü¸À¸Èœè(€€€½ÁÑ¥½¹…°èÑÉÕ”((€€ÑåÁ•ÍÉ¥ÁÐ½ÑåÁ•ÍÉ¥ÁÐµÝ¥¸ÌÈµàØÑ Ü¸À¸Èœè(€€€½ÁÑ¥½¹…°èÑÉÕ”((€€Ù¥Ñ•©Ì½Á±Õ¥¸µÉ•…Ñ Ø¸À¸Ì¡Ù¥Ñ• à¸Ä¸Ð¤œè(€€€‘•Á•¹‘•¹¥•Ìè(€€€€€€É½±±‘½Ý¸½Á±Õ¥¹ÕÑ¥±Ìœè€Ä¸À¸Ä(€€€€€Ù¥Ñ”è€à¸Ä¸Ð((€€Ù¥Ñ•ÍÐ½•áÁ•Ñ Ð¸Ä¸ÄÀœè(€€€‘•Á•¹‘•¹¥•Ìè(€€€€€€ÍÑ…¹‘…ÉµÍ¡•µ„½ÍÁ•Œœè€Ä¸Ä¸À(€€€€€€ÑåÁ•Ì½¡…¤œè€Ô¸È¸Ì(€€€€€€Ù¥Ñ•ÍÐ½ÍÁäœè€Ð¸Ä¸ÄÀ(€€€€€€Ù¥Ñ•ÍÐ½ÕÑ¥±Ìœè€Ð¸Ä¸ÄÀ(€€€€€¡…¤è€Ø¸È¸È(€€€€€Ñ¥¹åÉ…¥¹‰½Üè€Ì¸Ä¸À((€€Ù¥Ñ•ÍÐ½µ½­•É Ð¸Ä¸ÄÀ¡Ù¥Ñ• à¸Ä¸Ð¤œè(€€€‘•Á•¹‘•¹¥•Ìè(€€€€€€Ù¥Ñ•ÍÐ½ÍÁäœè€Ð¸Ä¸ÄÀ(€€€€€•ÍÑÉ•”µÝ…±­•Èè€Ì¸À¸Ì(€€€€€µ…¥ŒµÍÑÉ¥¹œè€À¸ÌÀ¸ÈÄ(€€€½ÁÑ¥½¹…±•Á•¹‘•¹¥•Ìè(€€€€€Ù¥Ñ”è€à¸Ä¸Ð((€€Ù¥Ñ•ÍÐ½ÁÉ•ÑÑäµ™½Éµ…Ñ Ð¸Ä¸ÄÀœè(€€€‘•Á•¹‘•¹¥•Ìè(€€€€€Ñ¥¹åÉ…¥¹‰½Üè€Ì¸Ä¸À((€€Ù¥Ñ•ÍÐ½ÉÕ¹¹•É Ð¸Ä¸ÄÀœè(€€€‘•Á•¹‘•¹¥•Ìè(€€€€€€Ù¥Ñ•ÍÐ½ÕÑ¥±Ìœè€Ð¸Ä¸ÄÀ(€€€€€Á…Ñ¡”è€È¸À¸Ì((€€Ù¥Ñ•ÍÐ½Í¹…ÁÍ¡½Ñ Ð¸Ä¸ÄÀœè(€€€‘•Á•¹‘•¹¥•Ìè(€€€€€€Ù¥Ñ•ÍÐ½ÁÉ•ÑÑäµ™½Éµ…Ðœè€Ð¸Ä¸ÄÀ(€€€€€€Ù¥Ñ•ÍÐ½ÕÑ¥±Ìœè€Ð¸Ä¸ÄÀ(€€€€€µ…¥ŒµÍÑÉ¥¹œè€À¸ÌÀ¸ÈÄ(€€€€€Á…Ñ¡”è€È¸À¸Ì((€€Ù¥Ñ•ÍÐ½ÍÁå Ð¸Ä¸ÄÀœèíô((€€Ù¥Ñ•ÍÐ½ÕÑ¥±Í Ð¸Ä¸ÄÀœè(€€€‘•Á•¹‘•¹¥•Ìè(€€€€€€Ù¥Ñ•ÍÐ½ÁÉ•ÑÑäµ™½Éµ…Ðœè€Ð¸Ä¸ÄÀ(€€€€€½¹Ù•ÉÐµÍ½ÕÉ”µµ…Àè€È¸À¸À(€€€€€Ñ¥¹åÉ…¥¹‰½Üè€Ì¸Ä¸À((€…¹Í¤µÉ••á Ô¸À¸Äèíô((€…¹Í¤µÍÑå±•Í Ô¸È¸Àèíô((€…É¥„µÅÕ•Éå Ô¸Ì¸Àè(€€€‘•Á•¹‘•¹¥•Ìè(€€€€€‘•ÅÕ…°è€È¸À¸Ì((€…É¥„µÅÕ•Éå Ô¸Ì¸Èèíô((€…ÍÍ•ÉÑ¥½¸µ•ÉÉ½É È¸À¸Äèíô((€‰¥‘¤µ©Í Ä¸À¸Ìè(€€€‘•Á•¹‘•¹¥•Ìè(€€€€€É•ÅÕ¥É”µ™É½´µÍÑÉ¥¹œè€È¸À¸È((€¡…¥ Ø¸È¸Èèíô((€½¹Ù•ÉÐµÍ½ÕÉ”µµ…Á È¸À¸Àèíô((€ÍÌµÑÉ•• Ì¸È¸Äè(€€€‘•Á•¹‘•¹¥•Ìè(€€€€€µ‘¸µ‘…Ñ„è€È¸ÈÜ¸Ä(€€€€€Í½ÕÉ”µµ…Àµ©Ìè€Ä¸È¸Ä((€ÍÌ¹•Í…Á• Ä¸Ô¸Äèíô((€ÍÍÑåÁ• Ì¸È¸Ìèíô((€‘…Ñ„µÕÉ±Í Ü¸À¸Àè(€€€‘•Á•¹‘•¹¥•Ìè(€€€€€Ý¡…ÑÝœµµ¥µ•ÑåÁ”è€Ô¸À¸À(€€€€€Ý¡…ÑÝœµÕÉ°è€ÄØ¸À¸Ä(€€€ÑÉ…¹Í¥Ñ¥Ù•A••É•Á•¹‘•¹¥•Ìè(€€€€€€´€¹½‰±”½¡…Í¡•Ìœ((€‘•¥µ…°¹©Í ÄÀ¸Ø¸Àèíô((€‘•ÅÕ…± È¸À¸Ìèíô((€‘•Ñ•Ðµ±¥‰ È¸Ä¸Èèíô((€‘½´µ…•ÍÍ¥‰¥±¥Ñäµ…Á¥ À¸Ô¸ÄØèíô((€‘½´µ…•ÍÍ¥‰¥±¥Ñäµ…Á¥ À¸Ø¸Ìèíô((€•¹Ñ¥Ñ¥•Í à¸À¸Àèíô((€•Ìµµ½‘Õ±”µ±•á•É È¸Ì¸Àèíô((€•ÍÑÉ•”µÝ…±­•É Ì¸À¸Ìè(€€€‘•Á•¹‘•¹¥•Ìè(€€€€€€ÑåÁ•Ì½•ÍÑÉ•”œè€Ä¸À¸ä((€•áÁ•ÐµÑåÁ• Ä¸Ð¸Àèíô((€™‘¥É Ø¸Ô¸À¡Á¥½µ…Ñ¡ Ð¸À¸Ô¤è(€€€½ÁÑ¥½¹…±•Á•¹‘•¹¥•Ìè(€€€€€Á¥½µ…Ñ è€Ð¸À¸Ô((€™Í•Ù•¹ÑÍ È¸Ì¸Ìè(€€€½ÁÑ¥½¹…°èÑÉÕ”((€¡Ñµ°µ•¹½‘¥¹œµÍ¹¥™™•É Ø¸À¸Àè(€€€‘•Á•¹‘•¹¥•Ìè(€€€€€€•á½‘ÕÌ½‰åÑ•Ìœè€Ä¸ÄÔ¸Ä(€€€ÑÉ…¹Í¥Ñ¥Ù•A••É•Á•¹‘•¹¥•Ìè(€€€€€€´€¹½‰±”½¡…Í¡•Ìœ((€¥¹‘•¹ÐµÍÑÉ¥¹ Ð¸À¸Àèíô((€¥ÌµÁ½Ñ•¹Ñ¥…°µÕÍÑ½´µ•±•µ•¹Ðµ¹…µ• Ä¸À¸Äèíô((€©ÌµÑ½­•¹Í Ð¸À¸Àèíô((€©Í‘½µ Èä¸Ä¸Äè(€€€‘•Á•¹‘•¹¥•Ìè(€€€€€€…Í…µÕé…­©À½ÍÌµ½±½Èœè€Ô¸Ä¸ÄÄ(€€€€€€…Í…µÕé…­©À½‘½´µÍ•±•Ñ½Èœè€Ü¸Ä¸Ä(€€€€€€‰É…µÕÌ½ÍÁ•¥™¥¥Ñäœè€È¸Ð¸È(€€€€€€ÍÍÑ½½±Ì½ÍÌµÍå¹Ñ…àµÁ…Ñ¡•Ìµ™½ÈµÍÍÑÉ•”œè€Ä¸Ä¸Ø¡ÍÌµÑÉ•• Ì¸È¸Ä¤(€€€€€€•á½‘ÕÌ½‰åÑ•Ìœè€Ä¸ÄÔ¸Ä(€€€€€ÍÌµÑÉ•”è€Ì¸È¸Ä(€€€€€‘…Ñ„µÕÉ±Ìè€Ü¸À¸À(€€€€€‘•¥µ…°¹©Ìè€ÄÀ¸Ø¸À(€€€€€¡Ñµ°µ•¹½‘¥¹œµÍ¹¥™™•Èè€Ø¸À¸À(€€€€€¥ÌµÁ½Ñ•¹Ñ¥…°µÕÍÑ½´µ•±•µ•¹Ðµ¹…µ”è€Ä¸À¸Ä(€€€€€±ÉÔµ…¡”è€ÄÄ¸Ô¸È(€€€€€Á…ÉÍ”Ôè€à¸À¸Ä(€€€€€Í…á•Ìè€Ø¸À¸À(€€€€€Íåµ‰½°µÑÉ•”è€Ì¸È¸Ð(€€€€€Ñ½Õ µ½½­¥”è€Ø¸À¸È(€€€€€Õ¹‘¥¤è€Ü¸Èà¸À(€€€€€ÜÍŒµáµ±Í•É¥…±¥é•Èè€Ô¸À¸À(€€€€€Ý•‰¥‘°µ½¹Ù•ÉÍ¥½¹Ìè€à¸À¸Ä(€€€€€Ý¡…ÑÝœµµ¥µ•ÑåÁ”è€Ô¸À¸À(€€€€€Ý¡…ÑÝœµÕÉ°è€ÄØ¸À¸Ä(€€€€€áµ°µ¹…µ”µÙ…±¥‘…Ñ½Èè€Ô¸À¸À(€€€ÑÉ…¹Í¥Ñ¥Ù•A••É•Á•¹‘•¹¥•Ìè(€€€€€€´€¹½‰±”½¡…Í¡•Ìœ((€±¥¡Ñ¹¥¹ÍÌµ…¹‘É½¥µ…É´ØÑ Ä¸ÌÈ¸Àè(€€€½ÁÑ¥½¹…°èÑÉÕ”((€±¥¡Ñ¹¥¹ÍÌµ‘…ÉÝ¥¸µ…É´ØÑ Ä¸ÌÈ¸Àè(€€€½ÁÑ¥½¹…°èÑÉÕ”((€±¥¡Ñ¹¥¹ÍÌµ‘…ÉÝ¥¸µàØÑ Ä¸ÌÈ¸Àè(€€€½ÁÑ¥½¹…°èÑÉÕ”((€±¥¡Ñ¹¥¹ÍÌµ™É••‰ÍµàØÑ Ä¸ÌÈ¸Àè(€€€½ÁÑ¥½¹…°èÑÉÕ”((€±¥¡Ñ¹¥¹ÍÌµ±¥¹Õàµ…É´µ¹Õ•…‰¥¡™ Ä¸ÌÈ¸Àè(€€€½ÁÑ¥½¹…°èÑÉÕ”((€±¥¡Ñ¹¥¹ÍÌµ±¥¹Õàµ…É´ØÐµ¹Õ Ä¸ÌÈ¸Àè(€€€½ÁÑ¥½¹…°èÑÉÕ”((€±¥¡Ñ¹¥¹ÍÌµ±¥¹Õàµ…É´ØÐµµÕÍ± Ä¸ÌÈ¸Àè(€€€½ÁÑ¥½¹…°èÑÉÕ”((€±¥¡Ñ¹¥¹ÍÌµ±¥¹ÕàµàØÐµ¹Õ Ä¸ÌÈ¸Àè(€€€½ÁÑ¥½¹…°èÑÉÕ”((€±¥¡Ñ¹¥¹ÍÌµ±¥¹ÕàµàØÐµµÕÍ± Ä¸ÌÈ¸Àè(€€€½ÁÑ¥½¹…°èÑÉÕ”((€±¥¡Ñ¹¥¹ÍÌµÝ¥¸ÌÈµ…É´ØÐµµÍÙ Ä¸ÌÈ¸Àè(€€€½ÁÑ¥½¹…°èÑÉÕ”((€±¥¡Ñ¹¥¹ÍÌµÝ¥¸ÌÈµàØÐµµÍÙ Ä¸ÌÈ¸Àè(€€€½ÁÑ¥½¹…°èÑÉÕ”((€±¥¡Ñ¹¥¹ÍÍ Ä¸ÌÈ¸Àè(€€€‘•Á•¹‘•¹¥•Ìè(€€€€€‘•Ñ•Ðµ±¥‰Œè€È¸Ä¸È(€€€½ÁÑ¥½¹…±•Á•¹‘•¹¥•Ìè(€€€€€±¥¡Ñ¹¥¹ÍÌµ…¹‘É½¥µ…É´ØÐè€Ä¸ÌÈ¸À(€€€€€±¥¡Ñ¹¥¹ÍÌµ‘…ÉÝ¥¸µ…É´ØÐè€Ä¸ÌÈ¸À(€€€€€±¥¡Ñ¹¥¹ÍÌµ‘…ÉÝ¥¸µàØÐè€Ä¸ÌÈ¸À(€€€€€±¥¡Ñ¹¥¹ÍÌµ™É••‰ÍµàØÐè€Ä¸ÌÈ¸À(€€€€€±¥¡Ñ¹¥¹ÍÌµ±¥¹Õàµ…É´µ¹Õ•…‰¥¡˜è€Ä¸ÌÈ¸À(€€€€€±¥¡Ñ¹¥¹ÍÌµ±¥¹Õàµ…É´ØÐµ¹Ôè€Ä¸ÌÈ¸À(€€€€€±¥¡Ñ¹¥¹ÍÌµ±¥¹Õàµ…É´ØÐµµÕÍ°è€Ä¸ÌÈ¸À(€€€€€±¥¡Ñ¹¥¹ÍÌµ±¥¹ÕàµàØÐµ¹Ôè€Ä¸ÌÈ¸À(€€€€€±¥¡Ñ¹¥¹ÍÌµ±¥¹ÕàµàØÐµµÕÍ°è€Ä¸ÌÈ¸À(€€€€€±¥¡Ñ¹¥¹ÍÌµÝ¥¸ÌÈµ…É´ØÐµµÍÙŒè€Ä¸ÌÈ¸À(€€€€€±¥¡Ñ¹¥¹ÍÌµÝ¥¸ÌÈµàØÐµµÍÙŒè€Ä¸ÌÈ¸À((€±ÉÔµ…¡• ÄÄ¸Ô¸Èèíô((€±èµÍÑÉ¥¹ Ä¸Ô¸Àèíô((€µ…¥ŒµÍÑÉ¥¹ À¸ÌÀ¸ÈÄè(€€€‘•Á•¹‘•¹¥•Ìè(€€€€€€©É¥‘•Ý•±°½Í½ÕÉ•µ…Àµ½‘•Œœè€Ä¸Ô¸Ô((€µ‘¸µ‘…Ñ… È¸ÈÜ¸Äèíô((€µ¥¸µ¥¹‘•¹Ñ Ä¸À¸Äèíô((€¹…¹½¥‘ Ì¸Ì¸ÄÔèíô((€½‰Õ È¸Ä¸Ìèíô((€Á…ÉÍ”Õ à¸À¸Äè(€€€‘•Á•¹‘•¹¥•Ìè(€€€€€•¹Ñ¥Ñ¥•Ìè€à¸À¸À((€Á…Ñ¡• È¸À¸Ìèíô((€Á¥½½±½ÉÍ Ä¸Ä¸Äèíô((€Á¥½µ…Ñ¡ Ð¸À¸Ôèíô((€Á½ÍÑÍÍ à¸Ô¸ÄØè(€€€‘•Á•¹‘•¹¥•Ìè(€€€€€¹…¹½¥è€Ì¸Ì¸ÄÔ(€€€€€Á¥½½±½ÉÌè€Ä¸Ä¸Ä(€€€€€Í½ÕÉ”µµ…Àµ©Ìè€Ä¸È¸Ä((€ÁÉ•ÑÑ¥•É Ì¸ä¸Ôèíô((€ÁÉ•ÑÑäµ™½Éµ…Ñ ÈÜ¸Ô¸Äè(€€€‘•Á•¹‘•¹¥•Ìè(€€€€€…¹Í¤µÉ••àè€Ô¸À¸Ä(€€€€€…¹Í¤µÍÑå±•Ìè€Ô¸È¸À(€€€€€É•…Ðµ¥Ìè€ÄÜ¸À¸È((€ÁÕ¹å½‘• È¸Ì¸Äèíô((€É•…Ðµ‘½µ Ää¸È¸Ü¡É•…Ñ Ää¸È¸Ü¤è(€€€‘•Á•¹‘•¹¥•Ìè(€€€€€É•…Ðè€Ää¸È¸Ü(€€€€€Í¡•‘Õ±•Èè€À¸ÈÜ¸À((€É•…Ðµ¥Í ÄÜ¸À¸Èèíô((€É•…Ñ Ää¸È¸Üèíô((€É•‘•¹Ñ Ì¸À¸Àè(€€€‘•Á•¹‘•¹¥•Ìè(€€€€€¥¹‘•¹ÐµÍÑÉ¥¹œè€Ð¸À¸À(€€€€€ÍÑÉ¥Àµ¥¹‘•¹Ðè€Ì¸À¸À((€É•ÅÕ¥É”µ™É½´µÍÑÉ¥¹ È¸À¸Èèíô((€É½±±‘½Ý¹ Ä¸Ä¸Ôè(€€€‘•Á•¹‘•¹¥•Ìè(€€€€€€½áŒµÁÉ½©•Ð½ÑåÁ•Ìœè€À¸ÄÌä¸À(€€€€€€É½±±‘½Ý¸½Á±Õ¥¹ÕÑ¥±Ìœè€Ä¸À¸Ä(€€€½ÁÑ¥½¹…±•Á•¹‘•¹¥•Ìè(€€€€€€É½±±‘½Ý¸½‰¥¹‘¥¹œµ…¹‘É½¥µ…É´ØÐœè€Ä¸Ä¸Ô(€€€€€€É½±±‘½Ý¸½‰¥¹‘¥¹œµ‘…ÉÝ¥¸µ…É´ØÐœè€Ä¸Ä¸Ô(€€€€€€É½±±‘½Ý¸½‰¥¹‘¥¹œµ‘…ÉÝ¥¸µàØÐœè€Ä¸Ä¸Ô(€€€€€€É½±±‘½Ý¸½‰¥¹‘¥¹œµ™É••‰ÍµàØÐœè€Ä¸Ä¸Ô(€€€€€€É½±±‘½Ý¸½‰¥¹‘¥¹œµ±¥¹Õàµ…É´µ¹Õ•…‰¥¡˜œè€Ä¸Ä¸Ô(€€€€€€É½±±‘½Ý¸½‰¥¹‘¥¹œµ±¥¹Õàµ…É´ØÐµ¹Ôœè€Ä¸Ä¸Ô(€€€€€€É½±±‘½Ý¸½‰¥¹‘¥¹œµ±¥¹Õàµ…É´ØÐµµÕÍ°œè€Ä¸Ä¸Ô(€€€€€€É½±±‘½Ý¸½‰¥¹‘¥¹œµ±¥¹ÕàµÁÁŒØÐµ¹Ôœè€Ä¸Ä¸Ô(€€€€€€É½±±‘½Ý¸½‰¥¹‘¥¹œµ±¥¹ÕàµÌÌäÁàµ¹Ôœè€Ä¸Ä¸Ô(€€€€€€É½±±‘½Ý¸½‰¥¹‘¥¹œµ±¥¹ÕàµàØÐµ¹Ôœè€Ä¸Ä¸Ô(€€€€€€É½±±‘½Ý¸½‰¥¹‘¥¹œµ±¥¹ÕàµàØÐµµÕÍ°œè€Ä¸Ä¸Ô(€€€€€€É½±±‘½Ý¸½‰¥¹‘¥¹œµ½Á•¹¡…Éµ½¹äµ…É´ØÐœè€Ä¸Ä¸Ô(€€€€€€É½±±‘½Ý¸½‰¥¹‘¥¹œµÝ…Í´ÌÈµÝ…Í¤œè€Ä¸Ä¸Ô(€€€€€€É½±±‘½Ý¸½‰¥¹‘¥¹œµÝ¥¸ÌÈµ…É´ØÐµµÍÙŒœè€Ä¸Ä¸Ô(€€€€€€É½±±‘½Ý¸½‰¥¹‘¥¹œµÝ¥¸ÌÈµàØÐµµÍÙŒœè€Ä¸Ä¸Ô((€Í…á•Í Ø¸À¸Àè(€€€‘•Á•¹‘•¹¥•Ìè(€€€€€áµ±¡…ÉÌè€È¸È¸À((€Í¡•‘Õ±•É À¸ÈÜ¸Àèíô((€Í¥¥¹™½ È¸À¸Àèíô((€Í½ÕÉ”µµ…Àµ©Í Ä¸È¸Äèíô((€ÍÑ…­‰…­ À¸À¸Èèíô((€ÍÑµ•¹Ù Ð¸È¸Àèíô((€ÍÑÉ¥Àµ¥¹‘•¹Ñ Ì¸À¸Àè(€€€‘•Á•¹‘•¹¥•Ìè(€€€€€µ¥¸µ¥¹‘•¹Ðè€Ä¸À¸Ä((€Íåµ‰½°µÑÉ•• Ì¸È¸Ðèíô((€Ñ¥¹å‰•¹¡ È¸ä¸Àèíô((€Ñ¥¹å•á• Ä¸È¸Ðèíô((€Ñ¥¹å±½‰‰å À¸È¸ÄÜè(€€€‘•Á•¹‘•¹¥•Ìè(€€€€€™‘¥Èè€Ø¸Ô¸À¡Á¥½µ…Ñ¡ Ð¸À¸Ô¤(€€€€€Á¥½µ…Ñ è€Ð¸À¸Ô((€Ñ¥¹åÉ…¥¹‰½Ý Ì¸Ä¸Àèíô((€Ñ±‘ÑÌµ½É• Ü¸Ð¸àèíô((€Ñ±‘ÑÍ Ü¸Ð¸àè(€€€‘•Á•¹‘•¹¥•Ìè(€€€€€Ñ±‘ÑÌµ½É”è€Ü¸Ð¸à((€Ñ½Õ µ½½­¥• Ø¸À¸Èè(€€€‘•Á•¹‘•¹¥•Ìè(€€€€€Ñ±‘ÑÌè€Ü¸Ð¸à((€ÑÈÐÙ Ø¸À¸Àè(€€€‘•Á•¹‘•¹¥•Ìè(€€€€€ÁÕ¹å½‘”è€È¸Ì¸Ä((€ÑÍ±¥‰ È¸à¸Äè(€€€½ÁÑ¥½¹…°èÑÉÕ”((€ÑåÁ•ÍÉ¥ÁÑ Ü¸À¸Èè(€€€½ÁÑ¥½¹…±•Á•¹‘•¹¥•Ìè(€€€€€€ÑåÁ•ÍÉ¥ÁÐ½ÑåÁ•ÍÉ¥ÁÐµ…¥àµÁÁŒØÐœè€Ü¸À¸È(€€€€€€ÑåÁ•ÍÉ¥ÁÐ½ÑåÁ•ÍÉ¥ÁÐµ‘…ÉÝ¥¸µ…É´ØÐœè€Ü¸À¸È(€€€€€€ÑåÁ•ÍÉ¥ÁÐ½ÑåÁ•ÍÉ¥ÁÐµ‘…ÉÝ¥¸µàØÐœè€Ü¸À¸È(€€€€€€ÑåÁ•ÍÉ¥ÁÐ½ÑåÁ•ÍÉ¥ÁÐµ™É••‰Íµ…É´ØÐœè€Ü¸À¸È(€€€€€€ÑåÁ•ÍÉ¥ÁÐ½ÑåÁ•ÍÉ¥ÁÐµ™É••‰ÍµàØÐœè€Ü¸À¸È(€€€€€€ÑåÁ•ÍÉ¥ÁÐ½ÑåÁ•ÍÉ¥ÁÐµ±¥¹Õàµ…É´œè€Ü¸À¸È(€€€€€€ÑåÁ•ÍÉ¥ÁÐ½ÑåÁ•ÍÉ¥ÁÐµ±¥¹Õàµ…É´ØÐœè€Ü¸À¸È(€€€€€€ÑåÁ•ÍÉ¥ÁÐ½ÑåÁ•ÍÉ¥ÁÐµ±¥¹Õàµ±½½¹œØÐœè€Ü¸À¸È(€€€€€€ÑåÁ•ÍÉ¥ÁÐ½ÑåÁ•ÍÉ¥ÁÐµ±¥¹Õàµµ¥ÁÌØÑ•°œè€Ü¸À¸È(€€€€€€ÑåÁ•ÍÉ¥ÁÐ½ÑåÁ•ÍÉ¥ÁÐµ±¥¹ÕàµÁÁŒØÐœè€Ü¸À¸È(€€€€€€ÑåÁ•ÍÉ¥ÁÐ½ÑåÁ•ÍÉ¥ÁÐµ±¥¹ÕàµÉ¥ÍØØÐœè€Ü¸À¸È(€€€€€€ÑåÁ•ÍÉ¥ÁÐ½ÑåÁ•ÍÉ¥ÁÐµ±¥¹ÕàµÌÌäÁàœè€Ü¸À¸È(€€€€€€ÑåÁ•ÍÉ¥ÁÐ½ÑåÁ•ÍÉ¥ÁÐµ±¥¹ÕàµàØÐœè€Ü¸À¸È(€€€€€€ÑåÁ•ÍÉ¥ÁÐ½ÑåÁ•ÍÉ¥ÁÐµ¹•Ñ‰Íµ…É´ØÐœè€Ü¸À¸È(€€€€€€ÑåÁ•ÍÉ¥ÁÐ½ÑåÁ•ÍÉ¥ÁÐµ¹•Ñ‰ÍµàØÐœè€Ü¸À¸È(€€€€€€ÑåÁ•ÍÉ¥ÁÐ½ÑåÁ•ÍÉ¥ÁÐµ½Á•¹‰Íµ…É´ØÐœè€Ü¸À¸È(€€€€€€ÑåÁ•ÍÉ¥ÁÐ½ÑåÁ•ÍÉ¥ÁÐµ½Á•¹‰ÍµàØÐœè€Ü¸À¸È(€€€€€€ÑåÁ•ÍÉ¥ÁÐ½ÑåÁ•ÍÉ¥ÁÐµÍÕ¹½ÌµàØÐœè€Ü¸À¸È(€€€€€€ÑåÁ•ÍÉ¥ÁÐ½ÑåÁ•ÍÉ¥ÁÐµÝ¥¸ÌÈµ…É´ØÐœè€Ü¸À¸È(€€€€€€ÑåÁ•ÍÉ¥ÁÐ½ÑåÁ•ÍÉ¥ÁÐµÝ¥¸ÌÈµàØÐœè€Ü¸À¸È((€Õ¹‘¥¥ Ü¸Èà¸Àèíô((€Ù¥Ñ• à¸Ä¸Ðè(€€€‘•Á•¹‘•¹¥•Ìè(€€€€€±¥¡Ñ¹¥¹ÍÌè€Ä¸ÌÈ¸À(€€€€€Á¥½µ…Ñ è€Ð¸À¸Ô(€€€€€Á½ÍÑÍÌè€à¸Ô¸ÄØ(€€€€€É½±±‘½Ý¸è€Ä¸Ä¸Ô(€€€€€Ñ¥¹å±½‰‰äè€À¸È¸ÄÜ(€€€½ÁÑ¥½¹…±•Á•¹‘•¹¥•Ìè(€€€€€™Í•Ù•¹ÑÌè€È¸Ì¸Ì((€Ù¥Ñ•ÍÑ Ð¸Ä¸ÄÀ¡©Í‘½µ Èä¸Ä¸Ä¤¡Ù¥Ñ• à¸Ä¸Ð¤è(€€€‘•Á•¹‘•¹¥•Ìè(€€€€€€Ù¥Ñ•ÍÐ½•áÁ•Ðœè€Ð¸Ä¸ÄÀ(€€€€€€Ù¥Ñ•ÍÐ½µ½­•Èœè€Ð¸Ä¸ÄÀ¡Ù¥Ñ• à¸Ä¸Ð¤(€€€€€€Ù¥Ñ•ÍÐ½ÁÉ•ÑÑäµ™½Éµ…Ðœè€Ð¸Ä¸ÄÀ(€€€€€€Ù¥Ñ•ÍÐ½ÉÕ¹¹•Èœè€Ð¸Ä¸ÄÀ(€€€€€€Ù¥Ñ•ÍÐ½Í¹…ÁÍ¡½Ðœè€Ð¸Ä¸ÄÀ(€€€€€€Ù¥Ñ•ÍÐ½ÍÁäœè€Ð¸Ä¸ÄÀ(€€€€€€Ù¥Ñ•ÍÐ½ÕÑ¥±Ìœè€Ð¸Ä¸ÄÀ(€€€€€•Ìµµ½‘Õ±”µ±•á•Èè€È¸Ì¸À(€€€€€•áÁ•ÐµÑåÁ”è€Ä¸Ð¸À(€€€€€µ…¥ŒµÍÑÉ¥¹œè€À¸ÌÀ¸ÈÄ(€€€€€½‰Õœè€È¸Ä¸Ì(€€€€€Á…Ñ¡”è€È¸À¸Ì(€€€€€Á¥½µ…Ñ è€Ð¸À¸Ô(€€€€€ÍÑµ•¹Øè€Ð¸È¸À(€€€€€Ñ¥¹å‰•¹ è€È¸ä¸À(€€€€€Ñ¥¹å•á•Œè€Ä¸È¸Ð(€€€€€Ñ¥¹å±½‰‰äè€À¸È¸ÄÜ(€€€€€Ñ¥¹åÉ…¥¹‰½Üè€Ì¸Ä¸À(€€€€€Ù¥Ñ”è€à¸Ä¸Ð(€€€€€Ý¡äµ¥Ìµ¹½‘”µÉÕ¹¹¥¹œè€È¸Ì¸À(€€€½ÁÑ¥½¹…±•Á•¹‘•¹¥•Ìè(€€€€€©Í‘½´è€Èä¸Ä¸Ä(€€€ÑÉ…¹Í¥Ñ¥Ù•A••É•Á•¹‘•¹¥•Ìè(€€€€€€´µÍÜ((€ÜÍŒµáµ±Í•É¥…±¥é•É Ô¸À¸Àè(€€€‘•Á•¹‘•¹¥•Ìè(€€€€€áµ°µ¹…µ”µÙ…±¥‘…Ñ½Èè€Ô¸À¸À((€Ý•‰¥‘°µ½¹Ù•ÉÍ¥½¹Í à¸À¸Äèíô((€Ý¡…ÑÝœµµ¥µ•ÑåÁ• Ô¸À¸Àèíô((€Ý¡…ÑÝœµÕÉ± ÄØ¸À¸Äè(€€€‘•Á•¹‘•¹¥•Ìè(€€€€€€•á½‘ÕÌ½‰åÑ•Ìœè€Ä¸ÄÔ¸Ä(€€€€€ÑÈÐØè€Ø¸À¸À(€€€€€Ý•‰¥‘°µ½¹Ù•ÉÍ¥½¹Ìè€à¸À¸Ä(€€€ÑÉ…¹Í¥Ñ¥Ù•A••É•Á•¹‘•¹¥•Ìè(€€€€€€´€¹½‰±”½¡…Í¡•Ìœ((€Ý¡äµ¥Ìµ¹½‘”µÉÕ¹¹¥¹ È¸Ì¸Àè(€€€‘•Á•¹‘•¹¥•Ìè(€€€€€Í¥¥¹™¼è€È¸À¸À(€€€€€ÍÑ…­‰…¬è€À¸À¸È((€áµ°µ¹…µ”µÙ…±¥‘…Ñ½É Ô¸À¸Àèíô((€áµ±¡…ÉÍ È¸È¸Àèíô(